
Microsoft Visual Studio Solution File, Format Version 12.00
# Visual Studio Version 16
VisualStudioVersion = 16.0.29613.14
MinimumVisualStudioVersion = 10.0.40219.1
Project("{9A19103F-16F7-4668-BE54-9A1E7A4F7556}") = "Player", "Player\Player.csproj", "{C5A62113-DF7D-4EC6-9F09-19BF9DA7E7BD}"
EndProject
Project("{9A19103F-16F7-4668-BE54-9A1E7A4F7556}") = "CommunicationServer", "CommunicationServer\CommunicationServer.csproj", "{7CD61FDB-0305-42BE-8107-85DEDBC9C353}"
EndProject
Project("{9A19103F-16F7-4668-BE54-9A1E7A4F7556}") = "GameMaster", "GameMaster\GameMaster.csproj", "{DF0F1BFB-2F77-438B-9616-42F84931E103}"
EndProject
Project("{9A19103F-16F7-4668-BE54-9A1E7A4F7556}") = "Shared", "Shared\Shared.csproj", "{725E648B-A337-4684-A305-0E078F956CA1}"
EndProject
Project("{9A19103F-16F7-4668-BE54-9A1E7A4F7556}") = "GameMaster.Tests", "GameMasterTests\GameMaster.Tests.csproj", "{49AC3508-B1BD-4FD6-85B5-30A17BDA8414}"
EndProject
Project("{9A19103F-16F7-4668-BE54-9A1E7A4F7556}") = "CommunicationServer.Tests", "CommunicationServerTests\CommunicationServer.Tests.csproj", "{A6FE922B-29AF-453F-8666-8E970C0C77B9}"
EndProject
Project("{9A19103F-16F7-4668-BE54-9A1E7A4F7556}") = "Player.Tests", "PlayerTests\Player.Tests.csproj", "{484808C0-FF23-4E43-9326-EB9AA1BDE0D9}"
	ProjectSection(ProjectDependencies) = postProject
		{12ADE676-714D-4AC7-8338-44B16731E93B} = {12ADE676-714D-4AC7-8338-44B16731E93B}
	EndProjectSection
EndProject
Project("{9A19103F-16F7-4668-BE54-9A1E7A4F7556}") = "Shared.Tests", "SharedTests\Shared.Tests.csproj", "{CF2A6B1F-376F-4682-92D8-CBFB8507C0CF}"
EndProject
Project("{9A19103F-16F7-4668-BE54-9A1E7A4F7556}") = "IntegrationTests", "IntegrationTests\IntegrationTests.csproj", "{319743E1-A59C-44C5-A951-6F310417165C}"
EndProject
Project("{2150E333-8FDC-42A3-9474-1A3956D46DE8}") = "CommunicationServer.Dir", "CommunicationServer.Dir", "{0C3A9D45-0B82-491E-8B34-80DD77E064D1}"
EndProject
Project("{2150E333-8FDC-42A3-9474-1A3956D46DE8}") = "GameMaster.Dir", "GameMaster.Dir", "{11C8A357-23B8-4290-B584-B5526E80873E}"
EndProject
Project("{2150E333-8FDC-42A3-9474-1A3956D46DE8}") = "Player.Dir", "Player.Dir", "{15B1B56B-576C-4F76-9545-3D4BF8BC9CFC}"
EndProject
Project("{2150E333-8FDC-42A3-9474-1A3956D46DE8}") = "Shared.Dir", "Shared.Dir", "{9FFC9D17-4224-425C-9860-9EABD57BE363}"
EndProject
Project("{2150E333-8FDC-42A3-9474-1A3956D46DE8}") = "Solution Items", "Solution Items", "{424C60A1-A2F7-4B0B-B522-390C2125627B}"
	ProjectSection(SolutionItems) = preProject
		Directory.Build.props = Directory.Build.props
		stylecop.json = stylecop.json
		StyleCop.ruleset = StyleCop.ruleset
	EndProjectSection
EndProject
Project("{9A19103F-16F7-4668-BE54-9A1E7A4F7556}") = "TestsShared", "TestsShared\TestsShared.csproj", "{12ADE676-714D-4AC7-8338-44B16731E93B}"
EndProject
Global
	GlobalSection(SolutionConfigurationPlatforms) = preSolution
		Debug|Any CPU = Debug|Any CPU
		Release|Any CPU = Release|Any CPU
	EndGlobalSection
	GlobalSection(ProjectConfigurationPlatforms) = postSolution
		{C5A62113-DF7D-4EC6-9F09-19BF9DA7E7BD}.Debug|Any CPU.ActiveCfg = Debug|Any CPU
		{C5A62113-DF7D-4EC6-9F09-19BF9DA7E7BD}.Debug|Any CPU.Build.0 = Debug|Any CPU
		{C5A62113-DF7D-4EC6-9F09-19BF9DA7E7BD}.Release|Any CPU.ActiveCfg = Release|Any CPU
		{C5A62113-DF7D-4EC6-9F09-19BF9DA7E7BD}.Release|Any CPU.Build.0 = Release|Any CPU
		{7CD61FDB-0305-42BE-8107-85DEDBC9C353}.Debug|Any CPU.ActiveCfg = Debug|Any CPU
		{7CD61FDB-0305-42BE-8107-85DEDBC9C353}.Debug|Any CPU.Build.0 = Debug|Any CPU
		{7CD61FDB-0305-42BE-8107-85DEDBC9C353}.Release|Any CPU.ActiveCfg = Release|Any CPU
		{7CD61FDB-0305-42BE-8107-85DEDBC9C353}.Release|Any CPU.Build.0 = Release|Any CPU
		{DF0F1BFB-2F77-438B-9616-42F84931E103}.Debug|Any CPU.ActiveCfg = Debug|Any CPU
		{DF0F1BFB-2F77-438B-9616-42F84931E103}.Debug|Any CPU.Build.0 = Debug|Any CPU
		{DF0F1BFB-2F77-438B-9616-42F84931E103}.Release|Any CPU.ActiveCfg = Release|Any CPU
		{DF0F1BFB-2F77-438B-9616-42F84931E103}.Release|Any CPU.Build.0 = Release|Any CPU
		{725E648B-A337-4684-A305-0E078F956CA1}.Debug|Any CPU.ActiveCfg = Debug|Any CPU
		{725E648B-A337-4684-A305-0E078F956CA1}.Debug|Any CPU.Build.0 = Debug|Any CPU
		{725E648B-A337-4684-A305-0E078F956CA1}.Release|Any CPU.ActiveCfg = Release|Any CPU
		{725E648B-A337-4684-A305-0E078F956CA1}.Release|Any CPU.Build.0 = Release|Any CPU
		{49AC3508-B1BD-4FD6-85B5-30A17BDA8414}.Debug|Any CPU.ActiveCfg = Debug|Any CPU
		{49AC3508-B1BD-4FD6-85B5-30A17BDA8414}.Debug|Any CPU.Build.0 = Debug|Any CPU
		{49AC3508-B1BD-4FD6-85B5-30A17BDA8414}.Release|Any CPU.ActiveCfg = Release|Any CPU
		{49AC3508-B1BD-4FD6-85B5-30A17BDA8414}.Release|Any CPU.Build.0 = Release|Any CPU
		{A6FE922B-29AF-453F-8666-8E970C0C77B9}.Debug|Any CPU.ActiveCfg = Debug|Any CPU
		{A6FE922B-29AF-453F-8666-8E970C0C77B9}.Debug|Any CPU.Build.0 = Debug|Any CPU
		{A6FE922B-29AF-453F-8666-8E970C0C77B9}.Release|Any CPU.ActiveCfg = Release|Any CPU
		{A6FE922B-29AF-453F-8666-8E970C0C77B9}.Release|Any CPU.Build.0 = Release|Any CPU
		{484808C0-FF23-4E43-9326-EB9AA1BDE0D9}.Debug|Any CPU.ActiveCfg = Debug|Any CPU
		{484808C0-FF23-4E43-9326-EB9AA1BDE0D9}.Debug|Any CPU.Build.0 = Debug|Any CPU
		{484808C0-FF23-4E43-9326-EB9AA1BDE0D9}.Release|Any CPU.ActiveCfg = Release|Any CPU
		{484808C0-FF23-4E43-9326-EB9AA1BDE0D9}.Release|Any CPU.Build.0 = Release|Any CPU
		{CF2A6B1F-376F-4682-92D8-CBFB8507C0CF}.Debug|Any CPU.ActiveCfg = Debug|Any CPU
		{CF2A6B1F-376F-4682-92D8-CBFB8507C0CF}.Debug|Any CPU.Build.0 = Debug|Any CPU
		{CF2A6B1F-376F-4682-92D8-CBFB8507C0CF}.Release|Any CPU.ActiveCfg = Release|Any CPU
		{CF2A6B1F-376F-4682-92D8-CBFB8507C0CF}.Release|Any CPU.Build.0 = Release|Any CPU
		{319743E1-A59C-44C5-A951-6F310417165C}.Debug|Any CPU.ActiveCfg = Debug|Any CPU
		{319743E1-A59C-44C5-A951-6F310417165C}.Debug|Any CPU.Build.0 = Debug|Any CPU
		{319743E1-A59C-44C5-A951-6F310417165C}.Release|Any CPU.ActiveCfg = Release|Any CPU
		{319743E1-A59C-44C5-A951-6F310417165C}.Release|Any CPU.Build.0 = Release|Any CPU
		{12ADE676-714D-4AC7-8338-44B16731E93B}.Debug|Any CPU.ActiveCfg = Debug|Any CPU
		{12ADE676-714D-4AC7-8338-44B16731E93B}.Debug|Any CPU.Build.0 = Debug|Any CPU
		{12ADE676-714D-4AC7-8338-44B16731E93B}.Release|Any CPU.ActiveCfg = Release|Any CPU
		{12ADE676-714D-4AC7-8338-44B16731E93B}.Release|Any CPU.Build.0 = Release|Any CPU
	EndGlobalSection
	GlobalSection(SolutionProperties) = preSolution
		HideSolutionNode = FALSE
	EndGlobalSection
	GlobalSection(NestedProjects) = preSolution
		{C5A62113-DF7D-4EC6-9F09-19BF9DA7E7BD} = {15B1B56B-576C-4F76-9545-3D4BF8BC9CFC}
		{7CD61FDB-0305-42BE-8107-85DEDBC9C353} = {0C3A9D45-0B82-491E-8B34-80DD77E064D1}
		{DF0F1BFB-2F77-438B-9616-42F84931E103} = {11C8A357-23B8-4290-B584-B5526E80873E}
		{725E648B-A337-4684-A305-0E078F956CA1} = {9FFC9D17-4224-425C-9860-9EABD57BE363}
		{49AC3508-B1BD-4FD6-85B5-30A17BDA8414} = {11C8A357-23B8-4290-B584-B5526E80873E}
		{A6FE922B-29AF-453F-8666-8E970C0C77B9} = {0C3A9D45-0B82-491E-8B34-80DD77E064D1}
		{484808C0-FF23-4E43-9326-EB9AA1BDE0D9} = {15B1B56B-576C-4F76-9545-3D4BF8BC9CFC}
		{CF2A6B1F-376F-4682-92D8-CBFB8507C0CF} = {9FFC9D17-4224-425C-9860-9EABD57BE363}
		{12ADE676-714D-4AC7-8338-44B16731E93B} = {9FFC9D17-4224-425C-9860-9EABD57BE363}
	EndGlobalSection
	GlobalSection(ExtensibilityGlobals) = postSolution
		SolutionGuid = {73165F5F-122D-44FD-B750-C0A7E80F6B48}
	EndGlobalSection
EndGlobal
